
Microsoft Visual Studio Solution File, Format Version 12.00
# Visual Studio Version 17
VisualStudioVersion = 17.5.002.0
MinimumVisualStudioVersion = 10.0.40219.1
Project("{9A19103F-16F7-4668-BE54-9A1E7A4F7556}") = "FindZodiac2", "FindZodiac2.csproj", "{86AC9ADD-906D-4B9B-A1CB-E8CBF92B29DF}"
EndProject
Global
	GlobalSection(SolutionConfigurationPlatforms) = preSolution
		Debug|Any CPU = Debug|Any CPU
		Release|Any CPU = Release|Any CPU
	EndGlobalSection
	GlobalSection(ProjectConfigurationPlatforms) = postSolution
		{86AC9ADD-906D-4B9B-A1CB-E8CBF92B29DF}.Debug|Any CPU.ActiveCfg = Debug|Any CPU
		{86AC9ADD-906D-4B9B-A1CB-E8CBF92B29DF}.Debug|Any CPU.Build.0 = Debug|Any CPU
		{86AC9ADD-906D-4B9B-A1CB-E8CBF92B29DF}.Release|Any CPU.ActiveCfg = Release|Any CPU
		{86AC9ADD-906D-4B9B-A1CB-E8CBF92B29DF}.Release|Any CPU.Build.0 = Release|Any CPU
	EndGlobalSection
	GlobalSection(SolutionProperties) = preSolution
		HideSolutionNode = FALSE
	EndGlobalSection
	GlobalSection(ExtensibilityGlobals) = postSolution
		SolutionGuid = {25149000-91C5-4502-84B8-DBBF0187F8DC}
	EndGlobalSection
EndGlobal
